# This file is generated by running "yarn install" inside your project.
# Manual changes might be lost - proceed with caution!

__metadata:
  version: 8
  cacheKey: 10c0

"@inquirer/checkbox@npm:^4.0.4":
  version: 4.0.4
  resolution: "@inquirer/checkbox@npm:4.0.4"
  dependencies:
    "@inquirer/core": "npm:^10.1.2"
    "@inquirer/figures": "npm:^1.0.9"
    "@inquirer/type": "npm:^3.0.2"
    ansi-escapes: "npm:^4.3.2"
    yoctocolors-cjs: "npm:^2.1.2"
  peerDependencies:
    "@types/node": ">=18"
  checksum: 10c0/b88a09769901b4ccad238af7637d19dab956a2f625f9a58756e98a9a7efaeb9ddfa9864c34f964e360812bfc71275d80d063d69b1c57731d65709016a7641317
  languageName: node
  linkType: hard

"@inquirer/confirm@npm:^5.1.1":
  version: 5.1.1
  resolution: "@inquirer/confirm@npm:5.1.1"
  dependencies:
    "@inquirer/core": "npm:^10.1.2"
    "@inquirer/type": "npm:^3.0.2"
  peerDependencies:
    "@types/node": ">=18"
  checksum: 10c0/acca658c2b0a4546560d4c22e405aa7a94644a1126fd0ca895c7d2d11a3a5c836e85ffb45b7b2f9c955c5c0cc44975dbefa17d66e82de01b545e73d6f8de5c80
  languageName: node
  linkType: hard

"@inquirer/core@npm:^10.1.2":
  version: 10.1.2
  resolution: "@inquirer/core@npm:10.1.2"
  dependencies:
    "@inquirer/figures": "npm:^1.0.9"
    "@inquirer/type": "npm:^3.0.2"
    ansi-escapes: "npm:^4.3.2"
    cli-width: "npm:^4.1.0"
    mute-stream: "npm:^2.0.0"
    signal-exit: "npm:^4.1.0"
    strip-ansi: "npm:^6.0.1"
    wrap-ansi: "npm:^6.2.0"
    yoctocolors-cjs: "npm:^2.1.2"
  checksum: 10c0/95eeb5955a85026ae947d52d5c9b3c116954567fd7b989fad76e8908aca836eb63a3ce463e12690a05fb467d60dec732f831ba19493bc80cb0ab3a55990567a5
  languageName: node
  linkType: hard

"@inquirer/editor@npm:^4.2.1":
  version: 4.2.1
  resolution: "@inquirer/editor@npm:4.2.1"
  dependencies:
    "@inquirer/core": "npm:^10.1.2"
    "@inquirer/type": "npm:^3.0.2"
    external-editor: "npm:^3.1.0"
  peerDependencies:
    "@types/node": ">=18"
  checksum: 10c0/b8a85c139537ecebe6120588b2e9faa3ca27beeeed593187264e9c2b62df652e02cd661bd9cb8815478416a65ff8ceaf0a6607c852ec5f1a1c59327ecae831e8
  languageName: node
  linkType: hard

"@inquirer/expand@npm:^4.0.4":
  version: 4.0.4
  resolution: "@inquirer/expand@npm:4.0.4"
  dependencies:
    "@inquirer/core": "npm:^10.1.2"
    "@inquirer/type": "npm:^3.0.2"
    yoctocolors-cjs: "npm:^2.1.2"
  peerDependencies:
    "@types/node": ">=18"
  checksum: 10c0/364802c6ce4691b663333d73cfdd22b16925055b7d355137023f781cc5b16ebd8f0d24f79785e5fd9c17f850369d0e39c4e031d69ffaab885fcdff62886e78bf
  languageName: node
  linkType: hard

"@inquirer/figures@npm:^1.0.9":
  version: 1.0.9
  resolution: "@inquirer/figures@npm:1.0.9"
  checksum: 10c0/21e1a7c902b2b77f126617b501e0fe0d703fae680a9df472afdae18a3e079756aee85690cef595a14e91d18630118f4a3893aab6832b9232fefc6ab31c804a68
  languageName: node
  linkType: hard

"@inquirer/input@npm:^4.1.1":
  version: 4.1.1
  resolution: "@inquirer/input@npm:4.1.1"
  dependencies:
    "@inquirer/core": "npm:^10.1.2"
    "@inquirer/type": "npm:^3.0.2"
  peerDependencies:
    "@types/node": ">=18"
  checksum: 10c0/8e574f4de2d5c28cb71a24ac338df3d89762fada1e6f71b2f34ee6e3861ec571aee0b2ee77b88059cbebc7cbcfbfc0492e663ae87ab61b4e5c5538a6997ad17e
  languageName: node
  linkType: hard

"@inquirer/number@npm:^3.0.4":
  version: 3.0.4
  resolution: "@inquirer/number@npm:3.0.4"
  dependencies:
    "@inquirer/core": "npm:^10.1.2"
    "@inquirer/type": "npm:^3.0.2"
  peerDependencies:
    "@types/node": ">=18"
  checksum: 10c0/76c1e13af59620f8105efdadf30061caa7448c74c1c2de9ee04dbd78f831f09d9ca5463a2433071c131d0a0a7d12418b180e6a24653d2b34f4dbf8add2b60dfa
  languageName: node
  linkType: hard

"@inquirer/password@npm:^4.0.4":
  version: 4.0.4
  resolution: "@inquirer/password@npm:4.0.4"
  dependencies:
    "@inquirer/core": "npm:^10.1.2"
    "@inquirer/type": "npm:^3.0.2"
    ansi-escapes: "npm:^4.3.2"
  peerDependencies:
    "@types/node": ">=18"
  checksum: 10c0/ab7b28b7e424fa56b6c0da49231ac59a9a348fcd6492add27b7aac2f018a8ef3fafb054368efe49476d60b44a723188513328bcda66c8ebe59cb57e2d95eb89b
  languageName: node
  linkType: hard

"@inquirer/prompts@npm:^7.2.1":
  version: 7.2.1
  resolution: "@inquirer/prompts@npm:7.2.1"
  dependencies:
    "@inquirer/checkbox": "npm:^4.0.4"
    "@inquirer/confirm": "npm:^5.1.1"
    "@inquirer/editor": "npm:^4.2.1"
    "@inquirer/expand": "npm:^4.0.4"
    "@inquirer/input": "npm:^4.1.1"
    "@inquirer/number": "npm:^3.0.4"
    "@inquirer/password": "npm:^4.0.4"
    "@inquirer/rawlist": "npm:^4.0.4"
    "@inquirer/search": "npm:^3.0.4"
    "@inquirer/select": "npm:^4.0.4"
  peerDependencies:
    "@types/node": ">=18"
  checksum: 10c0/a548f560f0c5edf941ecf536ad405b73935f6892699e41b221ffdab9dcaf2396be57d74cbd5d833edaeae31aa787f6fe5144b18468f2bbe8d19e591c0dd06743
  languageName: node
  linkType: hard

"@inquirer/rawlist@npm:^4.0.4":
  version: 4.0.4
  resolution: "@inquirer/rawlist@npm:4.0.4"
  dependencies:
    "@inquirer/core": "npm:^10.1.2"
    "@inquirer/type": "npm:^3.0.2"
    yoctocolors-cjs: "npm:^2.1.2"
  peerDependencies:
    "@types/node": ">=18"
  checksum: 10c0/92eff5e59508bac677eda479b3324dbb7cb512540ca5b76bd1ad309316a6f68d21ce98e6485ba4deb503764dfa6eb2742bdd64e23391bd8f8e06073e6d527510
  languageName: node
  linkType: hard

"@inquirer/search@npm:^3.0.4":
  version: 3.0.4
  resolution: "@inquirer/search@npm:3.0.4"
  dependencies:
    "@inquirer/core": "npm:^10.1.2"
    "@inquirer/figures": "npm:^1.0.9"
    "@inquirer/type": "npm:^3.0.2"
    yoctocolors-cjs: "npm:^2.1.2"
  peerDependencies:
    "@types/node": ">=18"
  checksum: 10c0/15a91edf12f966bc269838fd4b037aed4b5164b7bf2eb814cab6ddeb18a9937746bbd44cda6dfb59408e5d9ae41286952150f2e134af08b2892ceaacac2591a7
  languageName: node
  linkType: hard

"@inquirer/select@npm:^4.0.4":
  version: 4.0.4
  resolution: "@inquirer/select@npm:4.0.4"
  dependencies:
    "@inquirer/core": "npm:^10.1.2"
    "@inquirer/figures": "npm:^1.0.9"
    "@inquirer/type": "npm:^3.0.2"
    ansi-escapes: "npm:^4.3.2"
    yoctocolors-cjs: "npm:^2.1.2"
  peerDependencies:
    "@types/node": ">=18"
  checksum: 10c0/c77ef1292483e4f2f3239b87c50177608e0a62895a37598ba37d48e1a3e544459d31687e6b8f2383b263a42a9f437b8a056da2f170352fc67541a40ff9282265
  languageName: node
  linkType: hard

"@inquirer/type@npm:^3.0.2":
  version: 3.0.2
  resolution: "@inquirer/type@npm:3.0.2"
  peerDependencies:
    "@types/node": ">=18"
  checksum: 10c0/fe348db2977fff92cad0ade05b36ec40714326fccd4a174be31663f8923729b4276f1736d892a449627d7fb03235ff44e8aac5aa72b09036d993593b813ef313
  languageName: node
  linkType: hard

"ansi-escapes@npm:^4.3.2":
  version: 4.3.2
  resolution: "ansi-escapes@npm:4.3.2"
  dependencies:
    type-fest: "npm:^0.21.3"
  checksum: 10c0/da917be01871525a3dfcf925ae2977bc59e8c513d4423368645634bf5d4ceba5401574eb705c1e92b79f7292af5a656f78c5725a4b0e1cec97c4b413705c1d50
  languageName: node
  linkType: hard

"ansi-regex@npm:^5.0.1":
  version: 5.0.1
  resolution: "ansi-regex@npm:5.0.1"
  checksum: 10c0/9a64bb8627b434ba9327b60c027742e5d17ac69277960d041898596271d992d4d52ba7267a63ca10232e29f6107fc8a835f6ce8d719b88c5f8493f8254813737
  languageName: node
  linkType: hard

"ansi-styles@npm:^4.0.0":
  version: 4.3.0
  resolution: "ansi-styles@npm:4.3.0"
  dependencies:
    color-convert: "npm:^2.0.1"
  checksum: 10c0/895a23929da416f2bd3de7e9cb4eabd340949328ab85ddd6e484a637d8f6820d485f53933446f5291c3b760cbc488beb8e88573dd0f9c7daf83dccc8fe81b041
  languageName: node
  linkType: hard

"chalk@npm:^5.4.1":
  version: 5.4.1
  resolution: "chalk@npm:5.4.1"
  checksum: 10c0/b23e88132c702f4855ca6d25cb5538b1114343e41472d5263ee8a37cccfccd9c4216d111e1097c6a27830407a1dc81fecdf2a56f2c63033d4dbbd88c10b0dcef
  languageName: node
  linkType: hard

"chardet@npm:^0.7.0":
  version: 0.7.0
  resolution: "chardet@npm:0.7.0"
  checksum: 10c0/96e4731b9ec8050cbb56ab684e8c48d6c33f7826b755802d14e3ebfdc51c57afeece3ea39bc6b09acc359e4363525388b915e16640c1378053820f5e70d0f27d
  languageName: node
  linkType: hard

"cli-width@npm:^4.1.0":
  version: 4.1.0
  resolution: "cli-width@npm:4.1.0"
  checksum: 10c0/1fbd56413578f6117abcaf858903ba1f4ad78370a4032f916745fa2c7e390183a9d9029cf837df320b0fdce8137668e522f60a30a5f3d6529ff3872d265a955f
  languageName: node
  linkType: hard

"color-convert@npm:^2.0.1":
  version: 2.0.1
  resolution: "color-convert@npm:2.0.1"
  dependencies:
    color-name: "npm:~1.1.4"
  checksum: 10c0/37e1150172f2e311fe1b2df62c6293a342ee7380da7b9cfdba67ea539909afbd74da27033208d01d6d5cfc65ee7868a22e18d7e7648e004425441c0f8a15a7d7
  languageName: node
  linkType: hard

"color-name@npm:~1.1.4":
  version: 1.1.4
  resolution: "color-name@npm:1.1.4"
  checksum: 10c0/a1a3f914156960902f46f7f56bc62effc6c94e84b2cae157a526b1c1f74b677a47ec602bf68a61abfa2b42d15b7c5651c6dbe72a43af720bc588dff885b10f95
  languageName: node
  linkType: hard

"commander@npm:^13.0.0":
  version: 13.0.0
  resolution: "commander@npm:13.0.0"
  checksum: 10c0/8ba1e2b83bfdbcefd967aa505f5f5dc58202aa5f8e10437f61f6980dd8a69f868dba439a261f9fb72fc543c5f6fe58140e37b001a4c70b92ae22527abe94dfe1
  languageName: node
  linkType: hard

"emoji-regex@npm:^8.0.0":
  version: 8.0.0
  resolution: "emoji-regex@npm:8.0.0"
  checksum: 10c0/b6053ad39951c4cf338f9092d7bfba448cdfd46fe6a2a034700b149ac9ffbc137e361cbd3c442297f86bed2e5f7576c1b54cc0a6bf8ef5106cc62f496af35010
  languageName: node
  linkType: hard

"external-editor@npm:^3.1.0":
  version: 3.1.0
  resolution: "external-editor@npm:3.1.0"
  dependencies:
    chardet: "npm:^0.7.0"
    iconv-lite: "npm:^0.4.24"
    tmp: "npm:^0.0.33"
  checksum: 10c0/c98f1ba3efdfa3c561db4447ff366a6adb5c1e2581462522c56a18bf90dfe4da382f9cd1feee3e330108c3595a854b218272539f311ba1b3298f841eb0fbf339
  languageName: node
  linkType: hard

"fabrique@workspace:.":
  version: 0.0.0-use.local
  resolution: "fabrique@workspace:."
  dependencies:
    "@inquirer/prompts": "npm:^7.2.1"
    chalk: "npm:^5.4.1"
    commander: "npm:^13.0.0"
    prettier: "npm:^3.4.2"
    prettier-plugin-organize-imports: "npm:^4.1.0"
    typescript: "npm:^5.7.2"
  bin:
    fabrique: ./src/index.js
  languageName: unknown
  linkType: soft

"iconv-lite@npm:^0.4.24":
  version: 0.4.24
  resolution: "iconv-lite@npm:0.4.24"
  dependencies:
    safer-buffer: "npm:>= 2.1.2 < 3"
  checksum: 10c0/c6886a24cc00f2a059767440ec1bc00d334a89f250db8e0f7feb4961c8727118457e27c495ba94d082e51d3baca378726cd110aaf7ded8b9bbfd6a44760cf1d4
  languageName: node
  linkType: hard

"is-fullwidth-code-point@npm:^3.0.0":
  version: 3.0.0
  resolution: "is-fullwidth-code-point@npm:3.0.0"
  checksum: 10c0/bb11d825e049f38e04c06373a8d72782eee0205bda9d908cc550ccb3c59b99d750ff9537982e01733c1c94a58e35400661f57042158ff5e8f3e90cf936daf0fc
  languageName: node
  linkType: hard

"mute-stream@npm:^2.0.0":
  version: 2.0.0
  resolution: "mute-stream@npm:2.0.0"
  checksum: 10c0/2cf48a2087175c60c8dcdbc619908b49c07f7adcfc37d29236b0c5c612d6204f789104c98cc44d38acab7b3c96f4a3ec2cfdc4934d0738d876dbefa2a12c69f4
  languageName: node
  linkType: hard

"os-tmpdir@npm:~1.0.2":
  version: 1.0.2
  resolution: "os-tmpdir@npm:1.0.2"
  checksum: 10c0/f438450224f8e2687605a8dd318f0db694b6293c5d835ae509a69e97c8de38b6994645337e5577f5001115470414638978cc49da1cdcc25106dad8738dc69990
  languageName: node
  linkType: hard

"prettier-plugin-organize-imports@npm:^4.1.0":
  version: 4.1.0
  resolution: "prettier-plugin-organize-imports@npm:4.1.0"
  peerDependencies:
    prettier: ">=2.0"
    typescript: ">=2.9"
    vue-tsc: ^2.1.0
  peerDependenciesMeta:
    vue-tsc:
      optional: true
  checksum: 10c0/fb2d6d415bac96b65a77ea7de9f708e8613436aeb9d82bbe63edeb312fd1362c0d3c57319bd4cc4adfc8b9964fb6c205cbbf8efd9546931b0f9874c0ae624a6a
  languageName: node
  linkType: hard

"prettier@npm:^3.4.2":
  version: 3.4.2
  resolution: "prettier@npm:3.4.2"
  bin:
    prettier: bin/prettier.cjs
  checksum: 10c0/99e076a26ed0aba4ebc043880d0f08bbb8c59a4c6641cdee6cdadf2205bdd87aa1d7823f50c3aea41e015e99878d37c58d7b5f0e663bba0ef047f94e36b96446
  languageName: node
  linkType: hard

"safer-buffer@npm:>= 2.1.2 < 3":
  version: 2.1.2
  resolution: "safer-buffer@npm:2.1.2"
  checksum: 10c0/7e3c8b2e88a1841c9671094bbaeebd94448111dd90a81a1f606f3f67708a6ec57763b3b47f06da09fc6054193e0e6709e77325415dc8422b04497a8070fa02d4
  languageName: node
  linkType: hard

"signal-exit@npm:^4.1.0":
  version: 4.1.0
  resolution: "signal-exit@npm:4.1.0"
  checksum: 10c0/41602dce540e46d599edba9d9860193398d135f7ff72cab629db5171516cfae628d21e7bfccde1bbfdf11c48726bc2a6d1a8fb8701125852fbfda7cf19c6aa83
  languageName: node
  linkType: hard

"string-width@npm:^4.1.0":
  version: 4.2.3
  resolution: "string-width@npm:4.2.3"
  dependencies:
    emoji-regex: "npm:^8.0.0"
    is-fullwidth-code-point: "npm:^3.0.0"
    strip-ansi: "npm:^6.0.1"
  checksum: 10c0/1e525e92e5eae0afd7454086eed9c818ee84374bb80328fc41217ae72ff5f065ef1c9d7f72da41de40c75fa8bb3dee63d92373fd492c84260a552c636392a47b
  languageName: node
  linkType: hard

"strip-ansi@npm:^6.0.0, strip-ansi@npm:^6.0.1":
  version: 6.0.1
  resolution: "strip-ansi@npm:6.0.1"
  dependencies:
    ansi-regex: "npm:^5.0.1"
  checksum: 10c0/1ae5f212a126fe5b167707f716942490e3933085a5ff6c008ab97ab2f272c8025d3aa218b7bd6ab25729ca20cc81cddb252102f8751e13482a5199e873680952
  languageName: node
  linkType: hard

"tmp@npm:^0.0.33":
  version: 0.0.33
  resolution: "tmp@npm:0.0.33"
  dependencies:
    os-tmpdir: "npm:~1.0.2"
  checksum: 10c0/69863947b8c29cabad43fe0ce65cec5bb4b481d15d4b4b21e036b060b3edbf3bc7a5541de1bacb437bb3f7c4538f669752627fdf9b4aaf034cebd172ba373408
  languageName: node
  linkType: hard

"type-fest@npm:^0.21.3":
  version: 0.21.3
  resolution: "type-fest@npm:0.21.3"
  checksum: 10c0/902bd57bfa30d51d4779b641c2bc403cdf1371fb9c91d3c058b0133694fcfdb817aef07a47f40faf79039eecbaa39ee9d3c532deff244f3a19ce68cea71a61e8
  languageName: node
  linkType: hard

"typescript@npm:^5.7.2":
  version: 5.7.2
  resolution: "typescript@npm:5.7.2"
  bin:
    tsc: bin/tsc
    tsserver: bin/tsserver
  checksum: 10c0/a873118b5201b2ef332127ef5c63fb9d9c155e6fdbe211cbd9d8e65877283797cca76546bad742eea36ed7efbe3424a30376818f79c7318512064e8625d61622
  languageName: node
  linkType: hard

"typescript@patch:typescript@npm%3A^5.7.2#optional!builtin<compat/typescript>":
  version: 5.7.2
  resolution: "typescript@patch:typescript@npm%3A5.7.2#optional!builtin<compat/typescript>::version=5.7.2&hash=5786d5"
  bin:
    tsc: bin/tsc
    tsserver: bin/tsserver
  checksum: 10c0/f3b8082c9d1d1629a215245c9087df56cb784f9fb6f27b5d55577a20e68afe2a889c040aacff6d27e35be165ecf9dca66e694c42eb9a50b3b2c451b36b5675cb
  languageName: node
  linkType: hard

"wrap-ansi@npm:^6.2.0":
  version: 6.2.0
  resolution: "wrap-ansi@npm:6.2.0"
  dependencies:
    ansi-styles: "npm:^4.0.0"
    string-width: "npm:^4.1.0"
    strip-ansi: "npm:^6.0.0"
  checksum: 10c0/baad244e6e33335ea24e86e51868fe6823626e3a3c88d9a6674642afff1d34d9a154c917e74af8d845fd25d170c4ea9cf69a47133c3f3656e1252b3d462d9f6c
  languageName: node
  linkType: hard

"yoctocolors-cjs@npm:^2.1.2":
  version: 2.1.2
  resolution: "yoctocolors-cjs@npm:2.1.2"
  checksum: 10c0/a0e36eb88fea2c7981eab22d1ba45e15d8d268626e6c4143305e2c1628fa17ebfaa40cd306161a8ce04c0a60ee0262058eab12567493d5eb1409780853454c6f
  languageName: node
  linkType: hard
