# This file is generated by running "yarn install" inside your project.
# Manual changes might be lost - proceed with caution!

__metadata:
  version: 8
  cacheKey: 10c0

"@inquirer/checkbox@npm:^4.0.1":
  version: 4.0.1
  resolution: "@inquirer/checkbox@npm:4.0.1"
  dependencies:
    "@inquirer/core": "npm:^10.0.1"
    "@inquirer/figures": "npm:^1.0.7"
    "@inquirer/type": "npm:^3.0.0"
    ansi-escapes: "npm:^4.3.2"
    yoctocolors-cjs: "npm:^2.1.2"
  peerDependencies:
    "@types/node": ">=18"
  checksum: 10c0/62a0dd67c799ca6f45a7892564eb4bde7d5697eda4cda0594cb948022e69d86b7190f1522b291a470b5d407fa9046713b6caa5417312fc190293c599b179b0c0
  languageName: node
  linkType: hard

"@inquirer/confirm@npm:^5.0.1":
  version: 5.0.1
  resolution: "@inquirer/confirm@npm:5.0.1"
  dependencies:
    "@inquirer/core": "npm:^10.0.1"
    "@inquirer/type": "npm:^3.0.0"
  peerDependencies:
    "@types/node": ">=18"
  checksum: 10c0/bd8fafd75d4d591b3c153cb2f76d7ac9163701cb0a032e8e589d51c918a41d1da70ae7aaeb4d8d7394979a9af24c23a7d71ea6106d3308004f9829f133765776
  languageName: node
  linkType: hard

"@inquirer/core@npm:^10.0.1":
  version: 10.0.1
  resolution: "@inquirer/core@npm:10.0.1"
  dependencies:
    "@inquirer/figures": "npm:^1.0.7"
    "@inquirer/type": "npm:^3.0.0"
    ansi-escapes: "npm:^4.3.2"
    cli-width: "npm:^4.1.0"
    mute-stream: "npm:^2.0.0"
    signal-exit: "npm:^4.1.0"
    strip-ansi: "npm:^6.0.1"
    wrap-ansi: "npm:^6.2.0"
    yoctocolors-cjs: "npm:^2.1.2"
  checksum: 10c0/d55682e5c26c41037cb80a3bef5a12ae4eedf14621786b44088f48aeb32eb815dfb0f241950b6dba2eb84bf22131c126a2cb59e8e2d4ef63ad3613d59339063a
  languageName: node
  linkType: hard

"@inquirer/editor@npm:^4.0.1":
  version: 4.0.1
  resolution: "@inquirer/editor@npm:4.0.1"
  dependencies:
    "@inquirer/core": "npm:^10.0.1"
    "@inquirer/type": "npm:^3.0.0"
    external-editor: "npm:^3.1.0"
  peerDependencies:
    "@types/node": ">=18"
  checksum: 10c0/0a48ed8a315ae4d481a29a4bb044861004455d598289dc9faa3a4a72a2b482c103dc92792cad1dc378500e57b1ea3b95c805779d2488309b86d0bec496cd7db3
  languageName: node
  linkType: hard

"@inquirer/expand@npm:^4.0.1":
  version: 4.0.1
  resolution: "@inquirer/expand@npm:4.0.1"
  dependencies:
    "@inquirer/core": "npm:^10.0.1"
    "@inquirer/type": "npm:^3.0.0"
    yoctocolors-cjs: "npm:^2.1.2"
  peerDependencies:
    "@types/node": ">=18"
  checksum: 10c0/6dc890f726bd65e3971ed6e7d2965ecf534c7bbd99fb9334f71204e3809822424f1a27e47322b070ee265c4a84053208a72fca617dbe669082172b585b598443
  languageName: node
  linkType: hard

"@inquirer/figures@npm:^1.0.7":
  version: 1.0.7
  resolution: "@inquirer/figures@npm:1.0.7"
  checksum: 10c0/d7b4cfcd38dd43d1ac79da52c4478aa89145207004a471aa2083856f1d9b99adef45563f09d66c09d6457b09200fcf784527804b70ad3bd517cbc5e11142c2df
  languageName: node
  linkType: hard

"@inquirer/input@npm:^4.0.1":
  version: 4.0.1
  resolution: "@inquirer/input@npm:4.0.1"
  dependencies:
    "@inquirer/core": "npm:^10.0.1"
    "@inquirer/type": "npm:^3.0.0"
  peerDependencies:
    "@types/node": ">=18"
  checksum: 10c0/94ce23165577659fb3a01491047146502c593839eb6892f1ddfbdb092d237cdd8acb5acc2ad98776cc5eb359754eeffea97f156fddb6ec83137e123b0779ec2c
  languageName: node
  linkType: hard

"@inquirer/number@npm:^3.0.1":
  version: 3.0.1
  resolution: "@inquirer/number@npm:3.0.1"
  dependencies:
    "@inquirer/core": "npm:^10.0.1"
    "@inquirer/type": "npm:^3.0.0"
  peerDependencies:
    "@types/node": ">=18"
  checksum: 10c0/98e7bee1b887d5733d86dcee30d837072a34350ce7c11452808a67a6958786cc8200970611f4790b494acfbe741bf9b64f467b839af77e1e230f03384e903cc2
  languageName: node
  linkType: hard

"@inquirer/password@npm:^4.0.1":
  version: 4.0.1
  resolution: "@inquirer/password@npm:4.0.1"
  dependencies:
    "@inquirer/core": "npm:^10.0.1"
    "@inquirer/type": "npm:^3.0.0"
    ansi-escapes: "npm:^4.3.2"
  peerDependencies:
    "@types/node": ">=18"
  checksum: 10c0/670b92b8083f7658800285de64b6999a35a84a481a344042a2bc41af75143dcd73fae434aafac9a5ac5c76459112d36166f8a46ba44e3ab266e69c5ac29b84ab
  languageName: node
  linkType: hard

"@inquirer/prompts@npm:^7.0.1":
  version: 7.0.1
  resolution: "@inquirer/prompts@npm:7.0.1"
  dependencies:
    "@inquirer/checkbox": "npm:^4.0.1"
    "@inquirer/confirm": "npm:^5.0.1"
    "@inquirer/editor": "npm:^4.0.1"
    "@inquirer/expand": "npm:^4.0.1"
    "@inquirer/input": "npm:^4.0.1"
    "@inquirer/number": "npm:^3.0.1"
    "@inquirer/password": "npm:^4.0.1"
    "@inquirer/rawlist": "npm:^4.0.1"
    "@inquirer/search": "npm:^3.0.1"
    "@inquirer/select": "npm:^4.0.1"
  peerDependencies:
    "@types/node": ">=18"
  checksum: 10c0/bf72a25de8c53267de740cf4bb9639b95e5c9da3890ca59303bfba0adab11276d8ae53dc831f456acd31d257c959db2b05ed26c2a90cde7eab04737d158d6e94
  languageName: node
  linkType: hard

"@inquirer/rawlist@npm:^4.0.1":
  version: 4.0.1
  resolution: "@inquirer/rawlist@npm:4.0.1"
  dependencies:
    "@inquirer/core": "npm:^10.0.1"
    "@inquirer/type": "npm:^3.0.0"
    yoctocolors-cjs: "npm:^2.1.2"
  peerDependencies:
    "@types/node": ">=18"
  checksum: 10c0/553aaf9c9a26041699e0a763d826264deaea8cbea561e4fb2e9fc75c8145acd170dc4c406df8b843bfa73266eeb972b465bdf567d0904e87d54408423610c504
  languageName: node
  linkType: hard

"@inquirer/search@npm:^3.0.1":
  version: 3.0.1
  resolution: "@inquirer/search@npm:3.0.1"
  dependencies:
    "@inquirer/core": "npm:^10.0.1"
    "@inquirer/figures": "npm:^1.0.7"
    "@inquirer/type": "npm:^3.0.0"
    yoctocolors-cjs: "npm:^2.1.2"
  peerDependencies:
    "@types/node": ">=18"
  checksum: 10c0/8b2a35a29d3a3db09ba66b11b0051598a413c02c49a13964a84c4f9f5613fe326c1b800a783955c0a3a54d5b401a1b5bfa0ab27f15dd58501deba336561c4979
  languageName: node
  linkType: hard

"@inquirer/select@npm:^4.0.1":
  version: 4.0.1
  resolution: "@inquirer/select@npm:4.0.1"
  dependencies:
    "@inquirer/core": "npm:^10.0.1"
    "@inquirer/figures": "npm:^1.0.7"
    "@inquirer/type": "npm:^3.0.0"
    ansi-escapes: "npm:^4.3.2"
    yoctocolors-cjs: "npm:^2.1.2"
  peerDependencies:
    "@types/node": ">=18"
  checksum: 10c0/d852b49a7f1afed89e898f66fbb02d7f3317aeffc0e3abe8b7a785fbd8ffd51d26a8415737746b001c677cf019d42aef3ed986dce1bb66c4f6fa42426a388509
  languageName: node
  linkType: hard

"@inquirer/type@npm:^3.0.0":
  version: 3.0.0
  resolution: "@inquirer/type@npm:3.0.0"
  peerDependencies:
    "@types/node": ">=18"
  checksum: 10c0/4c26595749782e3dfbfea0c7a19b1db603485e0fce4a9d4fe52be1c9c05fcb2cc3afbc849d03bddbde47896786df93d6f02657eeeae5dbc8cdc78cd8a4f80123
  languageName: node
  linkType: hard

"ansi-escapes@npm:^4.3.2":
  version: 4.3.2
  resolution: "ansi-escapes@npm:4.3.2"
  dependencies:
    type-fest: "npm:^0.21.3"
  checksum: 10c0/da917be01871525a3dfcf925ae2977bc59e8c513d4423368645634bf5d4ceba5401574eb705c1e92b79f7292af5a656f78c5725a4b0e1cec97c4b413705c1d50
  languageName: node
  linkType: hard

"ansi-regex@npm:^5.0.1":
  version: 5.0.1
  resolution: "ansi-regex@npm:5.0.1"
  checksum: 10c0/9a64bb8627b434ba9327b60c027742e5d17ac69277960d041898596271d992d4d52ba7267a63ca10232e29f6107fc8a835f6ce8d719b88c5f8493f8254813737
  languageName: node
  linkType: hard

"ansi-styles@npm:^4.0.0":
  version: 4.3.0
  resolution: "ansi-styles@npm:4.3.0"
  dependencies:
    color-convert: "npm:^2.0.1"
  checksum: 10c0/895a23929da416f2bd3de7e9cb4eabd340949328ab85ddd6e484a637d8f6820d485f53933446f5291c3b760cbc488beb8e88573dd0f9c7daf83dccc8fe81b041
  languageName: node
  linkType: hard

"chalk@npm:^5.3.0":
  version: 5.3.0
  resolution: "chalk@npm:5.3.0"
  checksum: 10c0/8297d436b2c0f95801103ff2ef67268d362021b8210daf8ddbe349695333eb3610a71122172ff3b0272f1ef2cf7cc2c41fdaa4715f52e49ffe04c56340feed09
  languageName: node
  linkType: hard

"chardet@npm:^0.7.0":
  version: 0.7.0
  resolution: "chardet@npm:0.7.0"
  checksum: 10c0/96e4731b9ec8050cbb56ab684e8c48d6c33f7826b755802d14e3ebfdc51c57afeece3ea39bc6b09acc359e4363525388b915e16640c1378053820f5e70d0f27d
  languageName: node
  linkType: hard

"cli-width@npm:^4.1.0":
  version: 4.1.0
  resolution: "cli-width@npm:4.1.0"
  checksum: 10c0/1fbd56413578f6117abcaf858903ba1f4ad78370a4032f916745fa2c7e390183a9d9029cf837df320b0fdce8137668e522f60a30a5f3d6529ff3872d265a955f
  languageName: node
  linkType: hard

"color-convert@npm:^2.0.1":
  version: 2.0.1
  resolution: "color-convert@npm:2.0.1"
  dependencies:
    color-name: "npm:~1.1.4"
  checksum: 10c0/37e1150172f2e311fe1b2df62c6293a342ee7380da7b9cfdba67ea539909afbd74da27033208d01d6d5cfc65ee7868a22e18d7e7648e004425441c0f8a15a7d7
  languageName: node
  linkType: hard

"color-name@npm:~1.1.4":
  version: 1.1.4
  resolution: "color-name@npm:1.1.4"
  checksum: 10c0/a1a3f914156960902f46f7f56bc62effc6c94e84b2cae157a526b1c1f74b677a47ec602bf68a61abfa2b42d15b7c5651c6dbe72a43af720bc588dff885b10f95
  languageName: node
  linkType: hard

"commander@npm:^12.1.0":
  version: 12.1.0
  resolution: "commander@npm:12.1.0"
  checksum: 10c0/6e1996680c083b3b897bfc1cfe1c58dfbcd9842fd43e1aaf8a795fbc237f65efcc860a3ef457b318e73f29a4f4a28f6403c3d653d021d960e4632dd45bde54a9
  languageName: node
  linkType: hard

"emoji-regex@npm:^8.0.0":
  version: 8.0.0
  resolution: "emoji-regex@npm:8.0.0"
  checksum: 10c0/b6053ad39951c4cf338f9092d7bfba448cdfd46fe6a2a034700b149ac9ffbc137e361cbd3c442297f86bed2e5f7576c1b54cc0a6bf8ef5106cc62f496af35010
  languageName: node
  linkType: hard

"external-editor@npm:^3.1.0":
  version: 3.1.0
  resolution: "external-editor@npm:3.1.0"
  dependencies:
    chardet: "npm:^0.7.0"
    iconv-lite: "npm:^0.4.24"
    tmp: "npm:^0.0.33"
  checksum: 10c0/c98f1ba3efdfa3c561db4447ff366a6adb5c1e2581462522c56a18bf90dfe4da382f9cd1feee3e330108c3595a854b218272539f311ba1b3298f841eb0fbf339
  languageName: node
  linkType: hard

"fabrique@workspace:.":
  version: 0.0.0-use.local
  resolution: "fabrique@workspace:."
  dependencies:
    "@inquirer/prompts": "npm:^7.0.1"
    chalk: "npm:^5.3.0"
    commander: "npm:^12.1.0"
    prettier: "npm:^3.3.3"
    prettier-plugin-organize-imports: "npm:^4.1.0"
    typescript: "npm:^5.6.3"
  bin:
    fabrique: ./src/index.js
  languageName: unknown
  linkType: soft

"iconv-lite@npm:^0.4.24":
  version: 0.4.24
  resolution: "iconv-lite@npm:0.4.24"
  dependencies:
    safer-buffer: "npm:>= 2.1.2 < 3"
  checksum: 10c0/c6886a24cc00f2a059767440ec1bc00d334a89f250db8e0f7feb4961c8727118457e27c495ba94d082e51d3baca378726cd110aaf7ded8b9bbfd6a44760cf1d4
  languageName: node
  linkType: hard

"is-fullwidth-code-point@npm:^3.0.0":
  version: 3.0.0
  resolution: "is-fullwidth-code-point@npm:3.0.0"
  checksum: 10c0/bb11d825e049f38e04c06373a8d72782eee0205bda9d908cc550ccb3c59b99d750ff9537982e01733c1c94a58e35400661f57042158ff5e8f3e90cf936daf0fc
  languageName: node
  linkType: hard

"mute-stream@npm:^2.0.0":
  version: 2.0.0
  resolution: "mute-stream@npm:2.0.0"
  checksum: 10c0/2cf48a2087175c60c8dcdbc619908b49c07f7adcfc37d29236b0c5c612d6204f789104c98cc44d38acab7b3c96f4a3ec2cfdc4934d0738d876dbefa2a12c69f4
  languageName: node
  linkType: hard

"os-tmpdir@npm:~1.0.2":
  version: 1.0.2
  resolution: "os-tmpdir@npm:1.0.2"
  checksum: 10c0/f438450224f8e2687605a8dd318f0db694b6293c5d835ae509a69e97c8de38b6994645337e5577f5001115470414638978cc49da1cdcc25106dad8738dc69990
  languageName: node
  linkType: hard

"prettier-plugin-organize-imports@npm:^4.1.0":
  version: 4.1.0
  resolution: "prettier-plugin-organize-imports@npm:4.1.0"
  peerDependencies:
    prettier: ">=2.0"
    typescript: ">=2.9"
    vue-tsc: ^2.1.0
  peerDependenciesMeta:
    vue-tsc:
      optional: true
  checksum: 10c0/fb2d6d415bac96b65a77ea7de9f708e8613436aeb9d82bbe63edeb312fd1362c0d3c57319bd4cc4adfc8b9964fb6c205cbbf8efd9546931b0f9874c0ae624a6a
  languageName: node
  linkType: hard

"prettier@npm:^3.3.3":
  version: 3.3.3
  resolution: "prettier@npm:3.3.3"
  bin:
    prettier: bin/prettier.cjs
  checksum: 10c0/b85828b08e7505716324e4245549b9205c0cacb25342a030ba8885aba2039a115dbcf75a0b7ca3b37bc9d101ee61fab8113fc69ca3359f2a226f1ecc07ad2e26
  languageName: node
  linkType: hard

"safer-buffer@npm:>= 2.1.2 < 3":
  version: 2.1.2
  resolution: "safer-buffer@npm:2.1.2"
  checksum: 10c0/7e3c8b2e88a1841c9671094bbaeebd94448111dd90a81a1f606f3f67708a6ec57763b3b47f06da09fc6054193e0e6709e77325415dc8422b04497a8070fa02d4
  languageName: node
  linkType: hard

"signal-exit@npm:^4.1.0":
  version: 4.1.0
  resolution: "signal-exit@npm:4.1.0"
  checksum: 10c0/41602dce540e46d599edba9d9860193398d135f7ff72cab629db5171516cfae628d21e7bfccde1bbfdf11c48726bc2a6d1a8fb8701125852fbfda7cf19c6aa83
  languageName: node
  linkType: hard

"string-width@npm:^4.1.0":
  version: 4.2.3
  resolution: "string-width@npm:4.2.3"
  dependencies:
    emoji-regex: "npm:^8.0.0"
    is-fullwidth-code-point: "npm:^3.0.0"
    strip-ansi: "npm:^6.0.1"
  checksum: 10c0/1e525e92e5eae0afd7454086eed9c818ee84374bb80328fc41217ae72ff5f065ef1c9d7f72da41de40c75fa8bb3dee63d92373fd492c84260a552c636392a47b
  languageName: node
  linkType: hard

"strip-ansi@npm:^6.0.0, strip-ansi@npm:^6.0.1":
  version: 6.0.1
  resolution: "strip-ansi@npm:6.0.1"
  dependencies:
    ansi-regex: "npm:^5.0.1"
  checksum: 10c0/1ae5f212a126fe5b167707f716942490e3933085a5ff6c008ab97ab2f272c8025d3aa218b7bd6ab25729ca20cc81cddb252102f8751e13482a5199e873680952
  languageName: node
  linkType: hard

"tmp@npm:^0.0.33":
  version: 0.0.33
  resolution: "tmp@npm:0.0.33"
  dependencies:
    os-tmpdir: "npm:~1.0.2"
  checksum: 10c0/69863947b8c29cabad43fe0ce65cec5bb4b481d15d4b4b21e036b060b3edbf3bc7a5541de1bacb437bb3f7c4538f669752627fdf9b4aaf034cebd172ba373408
  languageName: node
  linkType: hard

"type-fest@npm:^0.21.3":
  version: 0.21.3
  resolution: "type-fest@npm:0.21.3"
  checksum: 10c0/902bd57bfa30d51d4779b641c2bc403cdf1371fb9c91d3c058b0133694fcfdb817aef07a47f40faf79039eecbaa39ee9d3c532deff244f3a19ce68cea71a61e8
  languageName: node
  linkType: hard

"typescript@npm:^5.6.3":
  version: 5.6.3
  resolution: "typescript@npm:5.6.3"
  bin:
    tsc: bin/tsc
    tsserver: bin/tsserver
  checksum: 10c0/44f61d3fb15c35359bc60399cb8127c30bae554cd555b8e2b46d68fa79d680354b83320ad419ff1b81a0bdf324197b29affe6cc28988cd6a74d4ac60c94f9799
  languageName: node
  linkType: hard

"typescript@patch:typescript@npm%3A^5.6.3#optional!builtin<compat/typescript>":
  version: 5.6.3
  resolution: "typescript@patch:typescript@npm%3A5.6.3#optional!builtin<compat/typescript>::version=5.6.3&hash=8c6c40"
  bin:
    tsc: bin/tsc
    tsserver: bin/tsserver
  checksum: 10c0/7c9d2e07c81226d60435939618c91ec2ff0b75fbfa106eec3430f0fcf93a584bc6c73176676f532d78c3594fe28a54b36eb40b3d75593071a7ec91301533ace7
  languageName: node
  linkType: hard

"wrap-ansi@npm:^6.2.0":
  version: 6.2.0
  resolution: "wrap-ansi@npm:6.2.0"
  dependencies:
    ansi-styles: "npm:^4.0.0"
    string-width: "npm:^4.1.0"
    strip-ansi: "npm:^6.0.0"
  checksum: 10c0/baad244e6e33335ea24e86e51868fe6823626e3a3c88d9a6674642afff1d34d9a154c917e74af8d845fd25d170c4ea9cf69a47133c3f3656e1252b3d462d9f6c
  languageName: node
  linkType: hard

"yoctocolors-cjs@npm:^2.1.2":
  version: 2.1.2
  resolution: "yoctocolors-cjs@npm:2.1.2"
  checksum: 10c0/a0e36eb88fea2c7981eab22d1ba45e15d8d268626e6c4143305e2c1628fa17ebfaa40cd306161a8ce04c0a60ee0262058eab12567493d5eb1409780853454c6f
  languageName: node
  linkType: hard
