# This file is generated by running "yarn install" inside your project.
# Manual changes might be lost - proceed with caution!

__metadata:
  version: 8
  cacheKey: 10c0

"@inquirer/checkbox@npm:^4.0.3":
  version: 4.0.3
  resolution: "@inquirer/checkbox@npm:4.0.3"
  dependencies:
    "@inquirer/core": "npm:^10.1.1"
    "@inquirer/figures": "npm:^1.0.8"
    "@inquirer/type": "npm:^3.0.1"
    ansi-escapes: "npm:^4.3.2"
    yoctocolors-cjs: "npm:^2.1.2"
  peerDependencies:
    "@types/node": ">=18"
  checksum: 10c0/fe4084e0abac1e7c9efa88cb57e54213d49e4158c72a1c4f3bb45b6ea535d7b1177ae9defc8f62203c53c88a6fe2c30b30a826287f89e59d6e06ef50a2785176
  languageName: node
  linkType: hard

"@inquirer/confirm@npm:^5.1.0":
  version: 5.1.0
  resolution: "@inquirer/confirm@npm:5.1.0"
  dependencies:
    "@inquirer/core": "npm:^10.1.1"
    "@inquirer/type": "npm:^3.0.1"
  peerDependencies:
    "@types/node": ">=18"
  checksum: 10c0/c75e91a84839c800a7176e3c790368656c505f6f8c1f8e7cd022055eb31d75d73ac847224061791f6c35e71be35fac52d2efb976e4709884d00d4968e37630c7
  languageName: node
  linkType: hard

"@inquirer/core@npm:^10.1.1":
  version: 10.1.1
  resolution: "@inquirer/core@npm:10.1.1"
  dependencies:
    "@inquirer/figures": "npm:^1.0.8"
    "@inquirer/type": "npm:^3.0.1"
    ansi-escapes: "npm:^4.3.2"
    cli-width: "npm:^4.1.0"
    mute-stream: "npm:^2.0.0"
    signal-exit: "npm:^4.1.0"
    strip-ansi: "npm:^6.0.1"
    wrap-ansi: "npm:^6.2.0"
    yoctocolors-cjs: "npm:^2.1.2"
  checksum: 10c0/7c3b50b5a8c673d2b978684c39b8d65249145cbc859b598d4d0be9af1d2f30731228996ff8143a8fca1b776f76040d83ae241807291144f6205c23b93e33d408
  languageName: node
  linkType: hard

"@inquirer/editor@npm:^4.2.0":
  version: 4.2.0
  resolution: "@inquirer/editor@npm:4.2.0"
  dependencies:
    "@inquirer/core": "npm:^10.1.1"
    "@inquirer/type": "npm:^3.0.1"
    external-editor: "npm:^3.1.0"
  peerDependencies:
    "@types/node": ">=18"
  checksum: 10c0/ed56c675b9ffdc4bb62e53ab0c64e435d64fcbfd157b04db0ee5f9f31f88ad9d2ecd6fee45a15c09ab2e794db231607198d4d0772712311392f3e91d4363efa1
  languageName: node
  linkType: hard

"@inquirer/expand@npm:^4.0.3":
  version: 4.0.3
  resolution: "@inquirer/expand@npm:4.0.3"
  dependencies:
    "@inquirer/core": "npm:^10.1.1"
    "@inquirer/type": "npm:^3.0.1"
    yoctocolors-cjs: "npm:^2.1.2"
  peerDependencies:
    "@types/node": ">=18"
  checksum: 10c0/37fb3fb2a483ec6873b9dffc36f1a9316d75a490c9c30edfb877e0118316e093289a646686a569b5fc4bab688506c1df418f8ecb5d8fcace127c745c4f9bc945
  languageName: node
  linkType: hard

"@inquirer/figures@npm:^1.0.8":
  version: 1.0.8
  resolution: "@inquirer/figures@npm:1.0.8"
  checksum: 10c0/34d287ff1fd16476c58bbd5b169db315f8319b5ffb09f81a1bb9aabd4165114e7406b1f418d021fd9cd48923008446e3eec274bb818f378ea132a0450bbc91d4
  languageName: node
  linkType: hard

"@inquirer/input@npm:^4.1.0":
  version: 4.1.0
  resolution: "@inquirer/input@npm:4.1.0"
  dependencies:
    "@inquirer/core": "npm:^10.1.1"
    "@inquirer/type": "npm:^3.0.1"
  peerDependencies:
    "@types/node": ">=18"
  checksum: 10c0/1dbbdb4edc6ed17970c18e049d59c536068ca35de848093230fc547e8202b2fc632fcdcc6f534887e9b4ed114c7b3f4501a05145d2efa694b3a2f31b410ba503
  languageName: node
  linkType: hard

"@inquirer/number@npm:^3.0.3":
  version: 3.0.3
  resolution: "@inquirer/number@npm:3.0.3"
  dependencies:
    "@inquirer/core": "npm:^10.1.1"
    "@inquirer/type": "npm:^3.0.1"
  peerDependencies:
    "@types/node": ">=18"
  checksum: 10c0/443d6ee1abd9d6970a43e91232c4df1b70f96db5b7f0f8a0594d2af232ad16d17c77c52c74c69c7dbb8af3d64df19462fc9fb1990cacfeae64d9ac4f39a10527
  languageName: node
  linkType: hard

"@inquirer/password@npm:^4.0.3":
  version: 4.0.3
  resolution: "@inquirer/password@npm:4.0.3"
  dependencies:
    "@inquirer/core": "npm:^10.1.1"
    "@inquirer/type": "npm:^3.0.1"
    ansi-escapes: "npm:^4.3.2"
  peerDependencies:
    "@types/node": ">=18"
  checksum: 10c0/5ebd6e5d1d5bc5898873111035fee023ee2cdd55c3860526db4c732450c4795ee5b4e2fd9826616391afc9375ecdffcbc1e8054bb61fbe87e94df4849c2e5e6c
  languageName: node
  linkType: hard

"@inquirer/prompts@npm:^7.2.0":
  version: 7.2.0
  resolution: "@inquirer/prompts@npm:7.2.0"
  dependencies:
    "@inquirer/checkbox": "npm:^4.0.3"
    "@inquirer/confirm": "npm:^5.1.0"
    "@inquirer/editor": "npm:^4.2.0"
    "@inquirer/expand": "npm:^4.0.3"
    "@inquirer/input": "npm:^4.1.0"
    "@inquirer/number": "npm:^3.0.3"
    "@inquirer/password": "npm:^4.0.3"
    "@inquirer/rawlist": "npm:^4.0.3"
    "@inquirer/search": "npm:^3.0.3"
    "@inquirer/select": "npm:^4.0.3"
  peerDependencies:
    "@types/node": ">=18"
  checksum: 10c0/df400acd7a02dabe95702ceb7fbc467dc38550263692e07c6f97ba6b0d0aa89d93c51db69688f5f6775d02c2611e3db1936ab5df103c1082a671398719396347
  languageName: node
  linkType: hard

"@inquirer/rawlist@npm:^4.0.3":
  version: 4.0.3
  resolution: "@inquirer/rawlist@npm:4.0.3"
  dependencies:
    "@inquirer/core": "npm:^10.1.1"
    "@inquirer/type": "npm:^3.0.1"
    yoctocolors-cjs: "npm:^2.1.2"
  peerDependencies:
    "@types/node": ">=18"
  checksum: 10c0/e2cfb79a13132b3480464a5b6c75a9823f8449ca7ecb50a3c5d8ec040bb0c29b3fc23e3ad2a7cf393e00ef9c2f1806b3511d02ba94cfd6586db72962dd8c6739
  languageName: node
  linkType: hard

"@inquirer/search@npm:^3.0.3":
  version: 3.0.3
  resolution: "@inquirer/search@npm:3.0.3"
  dependencies:
    "@inquirer/core": "npm:^10.1.1"
    "@inquirer/figures": "npm:^1.0.8"
    "@inquirer/type": "npm:^3.0.1"
    yoctocolors-cjs: "npm:^2.1.2"
  peerDependencies:
    "@types/node": ">=18"
  checksum: 10c0/080a2bf28b4c9fa7f9d07096c70c47868a1b57acfb31bb3eff16335bb2e71eb5b9cd22d091e56292d887a720f3ffa7ce79843298b238db567694b0d120b11706
  languageName: node
  linkType: hard

"@inquirer/select@npm:^4.0.3":
  version: 4.0.3
  resolution: "@inquirer/select@npm:4.0.3"
  dependencies:
    "@inquirer/core": "npm:^10.1.1"
    "@inquirer/figures": "npm:^1.0.8"
    "@inquirer/type": "npm:^3.0.1"
    ansi-escapes: "npm:^4.3.2"
    yoctocolors-cjs: "npm:^2.1.2"
  peerDependencies:
    "@types/node": ">=18"
  checksum: 10c0/7c8d7b2e4aed99e2bb826ba11717190b80aaf2c90999203b0b1bae26104cc03613bdd6de58440a6b3a254c93d2882de103be9972bb71b3d85ce9f62da21deac7
  languageName: node
  linkType: hard

"@inquirer/type@npm:^3.0.1":
  version: 3.0.1
  resolution: "@inquirer/type@npm:3.0.1"
  peerDependencies:
    "@types/node": ">=18"
  checksum: 10c0/c8612362d382114a318dbb523de7b1f54dc6bc6d3016c6eaf299b6a32486b92b0dfb1b4cfc6fe9d99496d15fbb721873a1bd66819f796c8bb09853a3b808812d
  languageName: node
  linkType: hard

"ansi-escapes@npm:^4.3.2":
  version: 4.3.2
  resolution: "ansi-escapes@npm:4.3.2"
  dependencies:
    type-fest: "npm:^0.21.3"
  checksum: 10c0/da917be01871525a3dfcf925ae2977bc59e8c513d4423368645634bf5d4ceba5401574eb705c1e92b79f7292af5a656f78c5725a4b0e1cec97c4b413705c1d50
  languageName: node
  linkType: hard

"ansi-regex@npm:^5.0.1":
  version: 5.0.1
  resolution: "ansi-regex@npm:5.0.1"
  checksum: 10c0/9a64bb8627b434ba9327b60c027742e5d17ac69277960d041898596271d992d4d52ba7267a63ca10232e29f6107fc8a835f6ce8d719b88c5f8493f8254813737
  languageName: node
  linkType: hard

"ansi-styles@npm:^4.0.0":
  version: 4.3.0
  resolution: "ansi-styles@npm:4.3.0"
  dependencies:
    color-convert: "npm:^2.0.1"
  checksum: 10c0/895a23929da416f2bd3de7e9cb4eabd340949328ab85ddd6e484a637d8f6820d485f53933446f5291c3b760cbc488beb8e88573dd0f9c7daf83dccc8fe81b041
  languageName: node
  linkType: hard

"chalk@npm:^5.4.0":
  version: 5.4.0
  resolution: "chalk@npm:5.4.0"
  checksum: 10c0/474266abd1a69879e367690b3090541deb985a54d3263efa4c82ffc623ea12b8ab9afdba082e853bb5e3f64c6619ac4951a154622b6cc8f66265f85c943d0481
  languageName: node
  linkType: hard

"chardet@npm:^0.7.0":
  version: 0.7.0
  resolution: "chardet@npm:0.7.0"
  checksum: 10c0/96e4731b9ec8050cbb56ab684e8c48d6c33f7826b755802d14e3ebfdc51c57afeece3ea39bc6b09acc359e4363525388b915e16640c1378053820f5e70d0f27d
  languageName: node
  linkType: hard

"cli-width@npm:^4.1.0":
  version: 4.1.0
  resolution: "cli-width@npm:4.1.0"
  checksum: 10c0/1fbd56413578f6117abcaf858903ba1f4ad78370a4032f916745fa2c7e390183a9d9029cf837df320b0fdce8137668e522f60a30a5f3d6529ff3872d265a955f
  languageName: node
  linkType: hard

"color-convert@npm:^2.0.1":
  version: 2.0.1
  resolution: "color-convert@npm:2.0.1"
  dependencies:
    color-name: "npm:~1.1.4"
  checksum: 10c0/37e1150172f2e311fe1b2df62c6293a342ee7380da7b9cfdba67ea539909afbd74da27033208d01d6d5cfc65ee7868a22e18d7e7648e004425441c0f8a15a7d7
  languageName: node
  linkType: hard

"color-name@npm:~1.1.4":
  version: 1.1.4
  resolution: "color-name@npm:1.1.4"
  checksum: 10c0/a1a3f914156960902f46f7f56bc62effc6c94e84b2cae157a526b1c1f74b677a47ec602bf68a61abfa2b42d15b7c5651c6dbe72a43af720bc588dff885b10f95
  languageName: node
  linkType: hard

"commander@npm:^12.1.0":
  version: 12.1.0
  resolution: "commander@npm:12.1.0"
  checksum: 10c0/6e1996680c083b3b897bfc1cfe1c58dfbcd9842fd43e1aaf8a795fbc237f65efcc860a3ef457b318e73f29a4f4a28f6403c3d653d021d960e4632dd45bde54a9
  languageName: node
  linkType: hard

"emoji-regex@npm:^8.0.0":
  version: 8.0.0
  resolution: "emoji-regex@npm:8.0.0"
  checksum: 10c0/b6053ad39951c4cf338f9092d7bfba448cdfd46fe6a2a034700b149ac9ffbc137e361cbd3c442297f86bed2e5f7576c1b54cc0a6bf8ef5106cc62f496af35010
  languageName: node
  linkType: hard

"external-editor@npm:^3.1.0":
  version: 3.1.0
  resolution: "external-editor@npm:3.1.0"
  dependencies:
    chardet: "npm:^0.7.0"
    iconv-lite: "npm:^0.4.24"
    tmp: "npm:^0.0.33"
  checksum: 10c0/c98f1ba3efdfa3c561db4447ff366a6adb5c1e2581462522c56a18bf90dfe4da382f9cd1feee3e330108c3595a854b218272539f311ba1b3298f841eb0fbf339
  languageName: node
  linkType: hard

"fabrique@workspace:.":
  version: 0.0.0-use.local
  resolution: "fabrique@workspace:."
  dependencies:
    "@inquirer/prompts": "npm:^7.2.0"
    chalk: "npm:^5.4.0"
    commander: "npm:^12.1.0"
    prettier: "npm:^3.4.2"
    prettier-plugin-organize-imports: "npm:^4.1.0"
    typescript: "npm:^5.7.2"
  bin:
    fabrique: ./src/index.js
  languageName: unknown
  linkType: soft

"iconv-lite@npm:^0.4.24":
  version: 0.4.24
  resolution: "iconv-lite@npm:0.4.24"
  dependencies:
    safer-buffer: "npm:>= 2.1.2 < 3"
  checksum: 10c0/c6886a24cc00f2a059767440ec1bc00d334a89f250db8e0f7feb4961c8727118457e27c495ba94d082e51d3baca378726cd110aaf7ded8b9bbfd6a44760cf1d4
  languageName: node
  linkType: hard

"is-fullwidth-code-point@npm:^3.0.0":
  version: 3.0.0
  resolution: "is-fullwidth-code-point@npm:3.0.0"
  checksum: 10c0/bb11d825e049f38e04c06373a8d72782eee0205bda9d908cc550ccb3c59b99d750ff9537982e01733c1c94a58e35400661f57042158ff5e8f3e90cf936daf0fc
  languageName: node
  linkType: hard

"mute-stream@npm:^2.0.0":
  version: 2.0.0
  resolution: "mute-stream@npm:2.0.0"
  checksum: 10c0/2cf48a2087175c60c8dcdbc619908b49c07f7adcfc37d29236b0c5c612d6204f789104c98cc44d38acab7b3c96f4a3ec2cfdc4934d0738d876dbefa2a12c69f4
  languageName: node
  linkType: hard

"os-tmpdir@npm:~1.0.2":
  version: 1.0.2
  resolution: "os-tmpdir@npm:1.0.2"
  checksum: 10c0/f438450224f8e2687605a8dd318f0db694b6293c5d835ae509a69e97c8de38b6994645337e5577f5001115470414638978cc49da1cdcc25106dad8738dc69990
  languageName: node
  linkType: hard

"prettier-plugin-organize-imports@npm:^4.1.0":
  version: 4.1.0
  resolution: "prettier-plugin-organize-imports@npm:4.1.0"
  peerDependencies:
    prettier: ">=2.0"
    typescript: ">=2.9"
    vue-tsc: ^2.1.0
  peerDependenciesMeta:
    vue-tsc:
      optional: true
  checksum: 10c0/fb2d6d415bac96b65a77ea7de9f708e8613436aeb9d82bbe63edeb312fd1362c0d3c57319bd4cc4adfc8b9964fb6c205cbbf8efd9546931b0f9874c0ae624a6a
  languageName: node
  linkType: hard

"prettier@npm:^3.4.2":
  version: 3.4.2
  resolution: "prettier@npm:3.4.2"
  bin:
    prettier: bin/prettier.cjs
  checksum: 10c0/99e076a26ed0aba4ebc043880d0f08bbb8c59a4c6641cdee6cdadf2205bdd87aa1d7823f50c3aea41e015e99878d37c58d7b5f0e663bba0ef047f94e36b96446
  languageName: node
  linkType: hard

"safer-buffer@npm:>= 2.1.2 < 3":
  version: 2.1.2
  resolution: "safer-buffer@npm:2.1.2"
  checksum: 10c0/7e3c8b2e88a1841c9671094bbaeebd94448111dd90a81a1f606f3f67708a6ec57763b3b47f06da09fc6054193e0e6709e77325415dc8422b04497a8070fa02d4
  languageName: node
  linkType: hard

"signal-exit@npm:^4.1.0":
  version: 4.1.0
  resolution: "signal-exit@npm:4.1.0"
  checksum: 10c0/41602dce540e46d599edba9d9860193398d135f7ff72cab629db5171516cfae628d21e7bfccde1bbfdf11c48726bc2a6d1a8fb8701125852fbfda7cf19c6aa83
  languageName: node
  linkType: hard

"string-width@npm:^4.1.0":
  version: 4.2.3
  resolution: "string-width@npm:4.2.3"
  dependencies:
    emoji-regex: "npm:^8.0.0"
    is-fullwidth-code-point: "npm:^3.0.0"
    strip-ansi: "npm:^6.0.1"
  checksum: 10c0/1e525e92e5eae0afd7454086eed9c818ee84374bb80328fc41217ae72ff5f065ef1c9d7f72da41de40c75fa8bb3dee63d92373fd492c84260a552c636392a47b
  languageName: node
  linkType: hard

"strip-ansi@npm:^6.0.0, strip-ansi@npm:^6.0.1":
  version: 6.0.1
  resolution: "strip-ansi@npm:6.0.1"
  dependencies:
    ansi-regex: "npm:^5.0.1"
  checksum: 10c0/1ae5f212a126fe5b167707f716942490e3933085a5ff6c008ab97ab2f272c8025d3aa218b7bd6ab25729ca20cc81cddb252102f8751e13482a5199e873680952
  languageName: node
  linkType: hard

"tmp@npm:^0.0.33":
  version: 0.0.33
  resolution: "tmp@npm:0.0.33"
  dependencies:
    os-tmpdir: "npm:~1.0.2"
  checksum: 10c0/69863947b8c29cabad43fe0ce65cec5bb4b481d15d4b4b21e036b060b3edbf3bc7a5541de1bacb437bb3f7c4538f669752627fdf9b4aaf034cebd172ba373408
  languageName: node
  linkType: hard

"type-fest@npm:^0.21.3":
  version: 0.21.3
  resolution: "type-fest@npm:0.21.3"
  checksum: 10c0/902bd57bfa30d51d4779b641c2bc403cdf1371fb9c91d3c058b0133694fcfdb817aef07a47f40faf79039eecbaa39ee9d3c532deff244f3a19ce68cea71a61e8
  languageName: node
  linkType: hard

"typescript@npm:^5.7.2":
  version: 5.7.2
  resolution: "typescript@npm:5.7.2"
  bin:
    tsc: bin/tsc
    tsserver: bin/tsserver
  checksum: 10c0/a873118b5201b2ef332127ef5c63fb9d9c155e6fdbe211cbd9d8e65877283797cca76546bad742eea36ed7efbe3424a30376818f79c7318512064e8625d61622
  languageName: node
  linkType: hard

"typescript@patch:typescript@npm%3A^5.7.2#optional!builtin<compat/typescript>":
  version: 5.7.2
  resolution: "typescript@patch:typescript@npm%3A5.7.2#optional!builtin<compat/typescript>::version=5.7.2&hash=5786d5"
  bin:
    tsc: bin/tsc
    tsserver: bin/tsserver
  checksum: 10c0/f3b8082c9d1d1629a215245c9087df56cb784f9fb6f27b5d55577a20e68afe2a889c040aacff6d27e35be165ecf9dca66e694c42eb9a50b3b2c451b36b5675cb
  languageName: node
  linkType: hard

"wrap-ansi@npm:^6.2.0":
  version: 6.2.0
  resolution: "wrap-ansi@npm:6.2.0"
  dependencies:
    ansi-styles: "npm:^4.0.0"
    string-width: "npm:^4.1.0"
    strip-ansi: "npm:^6.0.0"
  checksum: 10c0/baad244e6e33335ea24e86e51868fe6823626e3a3c88d9a6674642afff1d34d9a154c917e74af8d845fd25d170c4ea9cf69a47133c3f3656e1252b3d462d9f6c
  languageName: node
  linkType: hard

"yoctocolors-cjs@npm:^2.1.2":
  version: 2.1.2
  resolution: "yoctocolors-cjs@npm:2.1.2"
  checksum: 10c0/a0e36eb88fea2c7981eab22d1ba45e15d8d268626e6c4143305e2c1628fa17ebfaa40cd306161a8ce04c0a60ee0262058eab12567493d5eb1409780853454c6f
  languageName: node
  linkType: hard
